
Microsoft Visual Studio Solution File, Format Version 12.00
# Visual Studio 2012
Project("{8BC9CEB8-8B4A-11D0-8D11-00A0C91BC942}") = "q8", "q8\q8.vcxproj", "{989C4D5A-B3CF-48E9-BBF7-BECC354FA271}"
EndProject
Global
	GlobalSection(SolutionConfigurationPlatforms) = preSolution
		Debug|Win32 = Debug|Win32
		Release|Win32 = Release|Win32
	EndGlobalSection
	GlobalSection(ProjectConfigurationPlatforms) = postSolution
		{989C4D5A-B3CF-48E9-BBF7-BECC354FA271}.Debug|Win32.ActiveCfg = Debug|Win32
		{989C4D5A-B3CF-48E9-BBF7-BECC354FA271}.Debug|Win32.Build.0 = Debug|Win32
		{989C4D5A-B3CF-48E9-BBF7-BECC354FA271}.Release|Win32.ActiveCfg = Release|Win32
		{989C4D5A-B3CF-48E9-BBF7-BECC354FA271}.Release|Win32.Build.0 = Release|Win32
	EndGlobalSection
	GlobalSection(SolutionProperties) = preSolution
		HideSolutionNode = FALSE
	EndGlobalSection
EndGlobal
